
Microsoft Visual Studio Solution File, Format Version 12.00
# Visual Studio Version 17
VisualStudioVersion = 17.3.32929.385
MinimumVisualStudioVersion = 10.0.40219.1
Project("{FAE04EC0-301F-11D3-BF4B-00C04F79EFBC}") = "ПР9", "ПР9\ПР9.csproj", "{F8BCE817-239A-4725-A77E-9F06211E7E0C}"
EndProject
Global
	GlobalSection(SolutionConfigurationPlatforms) = preSolution
		Debug|Any CPU = Debug|Any CPU
		Release|Any CPU = Release|Any CPU
	EndGlobalSection
	GlobalSection(ProjectConfigurationPlatforms) = postSolution
		{F8BCE817-239A-4725-A77E-9F06211E7E0C}.Debug|Any CPU.ActiveCfg = Debug|Any CPU
		{F8BCE817-239A-4725-A77E-9F06211E7E0C}.Debug|Any CPU.Build.0 = Debug|Any CPU
		{F8BCE817-239A-4725-A77E-9F06211E7E0C}.Release|Any CPU.ActiveCfg = Release|Any CPU
		{F8BCE817-239A-4725-A77E-9F06211E7E0C}.Release|Any CPU.Build.0 = Release|Any CPU
	EndGlobalSection
	GlobalSection(SolutionProperties) = preSolution
		HideSolutionNode = FALSE
	EndGlobalSection
	GlobalSection(ExtensibilityGlobals) = postSolution
		SolutionGuid = {81389267-5184-474D-86FF-7C9E59A3D676}
	EndGlobalSection
EndGlobal
