
Microsoft Visual Studio Solution File, Format Version 12.00
# Visual Studio Version 17
VisualStudioVersion = 17.4.33122.133
MinimumVisualStudioVersion = 10.0.40219.1
Project("{FAE04EC0-301F-11D3-BF4B-00C04F79EFBC}") = "ПР 2", "ПР 2\ПР 2.csproj", "{185E6E18-C617-4628-B267-B1EC036C6D51}"
EndProject
Global
	GlobalSection(SolutionConfigurationPlatforms) = preSolution
		Debug|Any CPU = Debug|Any CPU
		Release|Any CPU = Release|Any CPU
	EndGlobalSection
	GlobalSection(ProjectConfigurationPlatforms) = postSolution
		{185E6E18-C617-4628-B267-B1EC036C6D51}.Debug|Any CPU.ActiveCfg = Debug|Any CPU
		{185E6E18-C617-4628-B267-B1EC036C6D51}.Debug|Any CPU.Build.0 = Debug|Any CPU
		{185E6E18-C617-4628-B267-B1EC036C6D51}.Release|Any CPU.ActiveCfg = Release|Any CPU
		{185E6E18-C617-4628-B267-B1EC036C6D51}.Release|Any CPU.Build.0 = Release|Any CPU
	EndGlobalSection
	GlobalSection(SolutionProperties) = preSolution
		HideSolutionNode = FALSE
	EndGlobalSection
	GlobalSection(ExtensibilityGlobals) = postSolution
		SolutionGuid = {4E0ECE5D-F528-4C04-861E-D1A161458DC0}
	EndGlobalSection
EndGlobal
